
Microsoft Visual Studio Solution File, Format Version 12.00
# Visual Studio Version 17
VisualStudioVersion = 17.9.34714.143
MinimumVisualStudioVersion = 10.0.40219.1
Project("{FAE04EC0-301F-11D3-BF4B-00C04F79EFBC}") = "TaskManagementApp", "TaskManagementApp\TaskManagementApp.csproj", "{481856B3-EFF6-4BC1-815B-F06C220D5780}"
EndProject
Project("{FAE04EC0-301F-11D3-BF4B-00C04F79EFBC}") = "TaskManagementApp.Tests.Unit", "TaskManagementApp.Tests.Unit\TaskManagementApp.Tests.Unit.csproj", "{EF215AEE-5A2E-4FC6-BC33-AE746BC9E60E}"
EndProject
Global
	GlobalSection(SolutionConfigurationPlatforms) = preSolution
		Debug|Any CPU = Debug|Any CPU
		Release|Any CPU = Release|Any CPU
	EndGlobalSection
	GlobalSection(ProjectConfigurationPlatforms) = postSolution
		{481856B3-EFF6-4BC1-815B-F06C220D5780}.Debug|Any CPU.ActiveCfg = Debug|Any CPU
		{481856B3-EFF6-4BC1-815B-F06C220D5780}.Debug|Any CPU.Build.0 = Debug|Any CPU
		{481856B3-EFF6-4BC1-815B-F06C220D5780}.Release|Any CPU.ActiveCfg = Release|Any CPU
		{481856B3-EFF6-4BC1-815B-F06C220D5780}.Release|Any CPU.Build.0 = Release|Any CPU
		{EF215AEE-5A2E-4FC6-BC33-AE746BC9E60E}.Debug|Any CPU.ActiveCfg = Debug|Any CPU
		{EF215AEE-5A2E-4FC6-BC33-AE746BC9E60E}.Debug|Any CPU.Build.0 = Debug|Any CPU
		{EF215AEE-5A2E-4FC6-BC33-AE746BC9E60E}.Release|Any CPU.ActiveCfg = Release|Any CPU
		{EF215AEE-5A2E-4FC6-BC33-AE746BC9E60E}.Release|Any CPU.Build.0 = Release|Any CPU
	EndGlobalSection
	GlobalSection(SolutionProperties) = preSolution
		HideSolutionNode = FALSE
	EndGlobalSection
	GlobalSection(ExtensibilityGlobals) = postSolution
		SolutionGuid = {7D5C7EBF-400E-4AFC-8697-71BA6A29FCDC}
	EndGlobalSection
EndGlobal
